
Microsoft Visual Studio Solution File, Format Version 12.00
# Visual Studio Version 17
VisualStudioVersion = 17.6.33801.468
MinimumVisualStudioVersion = 10.0.40219.1
Project("{9A19103F-16F7-4668-BE54-9A1E7A4F7556}") = "AbstractFactory.MVC", "AbstractFactory.MVC\AbstractFactory.MVC.csproj", "{7F76F5A4-A05D-443A-8D79-690252A9F840}"
EndProject
Project("{9A19103F-16F7-4668-BE54-9A1E7A4F7556}") = "AbstractFactory.Console", "AbstractFactory.Console\AbstractFactory.Console.csproj", "{C43E102C-2AA2-4B37-BFBC-0B76BAEE398A}"
EndProject
Project("{FAE04EC0-301F-11D3-BF4B-00C04F79EFBC}") = "AbstractFactory.Test", "AbstractFactory.Test\AbstractFactory.Test.csproj", "{32FC80B1-4570-4952-A64B-A956EE628965}"
EndProject
Project("{FAE04EC0-301F-11D3-BF4B-00C04F79EFBC}") = "AbstractFactory.Core", "AbstractFactory.Core\AbstractFactory.Core.csproj", "{22243C6F-8F99-4582-922B-B29F7EE29031}"
EndProject
Global
	GlobalSection(SolutionConfigurationPlatforms) = preSolution
		Debug|Any CPU = Debug|Any CPU
		Release|Any CPU = Release|Any CPU
	EndGlobalSection
	GlobalSection(ProjectConfigurationPlatforms) = postSolution
		{7F76F5A4-A05D-443A-8D79-690252A9F840}.Debug|Any CPU.ActiveCfg = Debug|Any CPU
		{7F76F5A4-A05D-443A-8D79-690252A9F840}.Debug|Any CPU.Build.0 = Debug|Any CPU
		{7F76F5A4-A05D-443A-8D79-690252A9F840}.Release|Any CPU.ActiveCfg = Release|Any CPU
		{7F76F5A4-A05D-443A-8D79-690252A9F840}.Release|Any CPU.Build.0 = Release|Any CPU
		{C43E102C-2AA2-4B37-BFBC-0B76BAEE398A}.Debug|Any CPU.ActiveCfg = Debug|Any CPU
		{C43E102C-2AA2-4B37-BFBC-0B76BAEE398A}.Debug|Any CPU.Build.0 = Debug|Any CPU
		{C43E102C-2AA2-4B37-BFBC-0B76BAEE398A}.Release|Any CPU.ActiveCfg = Release|Any CPU
		{C43E102C-2AA2-4B37-BFBC-0B76BAEE398A}.Release|Any CPU.Build.0 = Release|Any CPU
		{32FC80B1-4570-4952-A64B-A956EE628965}.Debug|Any CPU.ActiveCfg = Debug|Any CPU
		{32FC80B1-4570-4952-A64B-A956EE628965}.Debug|Any CPU.Build.0 = Debug|Any CPU
		{32FC80B1-4570-4952-A64B-A956EE628965}.Release|Any CPU.ActiveCfg = Release|Any CPU
		{32FC80B1-4570-4952-A64B-A956EE628965}.Release|Any CPU.Build.0 = Release|Any CPU
		{22243C6F-8F99-4582-922B-B29F7EE29031}.Debug|Any CPU.ActiveCfg = Debug|Any CPU
		{22243C6F-8F99-4582-922B-B29F7EE29031}.Debug|Any CPU.Build.0 = Debug|Any CPU
		{22243C6F-8F99-4582-922B-B29F7EE29031}.Release|Any CPU.ActiveCfg = Release|Any CPU
		{22243C6F-8F99-4582-922B-B29F7EE29031}.Release|Any CPU.Build.0 = Release|Any CPU
	EndGlobalSection
	GlobalSection(SolutionProperties) = preSolution
		HideSolutionNode = FALSE
	EndGlobalSection
	GlobalSection(ExtensibilityGlobals) = postSolution
		SolutionGuid = {0F74BBD9-3BF6-4747-A81F-E5006A8A610B}
	EndGlobalSection
EndGlobal
